
Microsoft Visual Studio Solution File, Format Version 12.00
# Visual Studio Version 17
VisualStudioVersion = 17.9.34616.47
MinimumVisualStudioVersion = 10.0.40219.1
Project("{8BC9CEB8-8B4A-11D0-8D11-00A0C91BC942}") = "MemberFunction", "Constructor\Constructor.vcxproj", "{D76D9832-BEF5-4C2F-B365-93DDD4070D9C}"
EndProject
Project("{8BC9CEB8-8B4A-11D0-8D11-00A0C91BC942}") = "StaticFunction", "StaticFunction\StaticFunction.vcxproj", "{BB8D4998-6303-4AE9-B90B-F1773FFFBF93}"
EndProject
Project("{8BC9CEB8-8B4A-11D0-8D11-00A0C91BC942}") = "Constructorrr", "Constructorrr\Constructorrr.vcxproj", "{9A482CDC-5453-4217-805C-99CD5E17DF58}"
EndProject
Project("{8BC9CEB8-8B4A-11D0-8D11-00A0C91BC942}") = "ChainFunction", "ChainFunction\ChainFunction.vcxproj", "{FE69FE7D-2D17-42B6-96EC-A5D5C63E3208}"
EndProject
Project("{8BC9CEB8-8B4A-11D0-8D11-00A0C91BC942}") = "Destruktor", "Destruktor\Destruktor.vcxproj", "{1722541B-083C-4A5E-99AC-84D2631AC93D}"
EndProject
Global
	GlobalSection(SolutionConfigurationPlatforms) = preSolution
		Debug|x64 = Debug|x64
		Debug|x86 = Debug|x86
		Release|x64 = Release|x64
		Release|x86 = Release|x86
	EndGlobalSection
	GlobalSection(ProjectConfigurationPlatforms) = postSolution
		{D76D9832-BEF5-4C2F-B365-93DDD4070D9C}.Debug|x64.ActiveCfg = Debug|x64
		{D76D9832-BEF5-4C2F-B365-93DDD4070D9C}.Debug|x64.Build.0 = Debug|x64
		{D76D9832-BEF5-4C2F-B365-93DDD4070D9C}.Debug|x86.ActiveCfg = Debug|Win32
		{D76D9832-BEF5-4C2F-B365-93DDD4070D9C}.Debug|x86.Build.0 = Debug|Win32
		{D76D9832-BEF5-4C2F-B365-93DDD4070D9C}.Release|x64.ActiveCfg = Release|x64
		{D76D9832-BEF5-4C2F-B365-93DDD4070D9C}.Release|x64.Build.0 = Release|x64
		{D76D9832-BEF5-4C2F-B365-93DDD4070D9C}.Release|x86.ActiveCfg = Release|Win32
		{D76D9832-BEF5-4C2F-B365-93DDD4070D9C}.Release|x86.Build.0 = Release|Win32
		{BB8D4998-6303-4AE9-B90B-F1773FFFBF93}.Debug|x64.ActiveCfg = Debug|x64
		{BB8D4998-6303-4AE9-B90B-F1773FFFBF93}.Debug|x64.Build.0 = Debug|x64
		{BB8D4998-6303-4AE9-B90B-F1773FFFBF93}.Debug|x86.ActiveCfg = Debug|Win32
		{BB8D4998-6303-4AE9-B90B-F1773FFFBF93}.Debug|x86.Build.0 = Debug|Win32
		{BB8D4998-6303-4AE9-B90B-F1773FFFBF93}.Release|x64.ActiveCfg = Release|x64
		{BB8D4998-6303-4AE9-B90B-F1773FFFBF93}.Release|x64.Build.0 = Release|x64
		{BB8D4998-6303-4AE9-B90B-F1773FFFBF93}.Release|x86.ActiveCfg = Release|Win32
		{BB8D4998-6303-4AE9-B90B-F1773FFFBF93}.Release|x86.Build.0 = Release|Win32
		{9A482CDC-5453-4217-805C-99CD5E17DF58}.Debug|x64.ActiveCfg = Debug|x64
		{9A482CDC-5453-4217-805C-99CD5E17DF58}.Debug|x64.Build.0 = Debug|x64
		{9A482CDC-5453-4217-805C-99CD5E17DF58}.Debug|x86.ActiveCfg = Debug|Win32
		{9A482CDC-5453-4217-805C-99CD5E17DF58}.Debug|x86.Build.0 = Debug|Win32
		{9A482CDC-5453-4217-805C-99CD5E17DF58}.Release|x64.ActiveCfg = Release|x64
		{9A482CDC-5453-4217-805C-99CD5E17DF58}.Release|x64.Build.0 = Release|x64
		{9A482CDC-5453-4217-805C-99CD5E17DF58}.Release|x86.ActiveCfg = Release|Win32
		{9A482CDC-5453-4217-805C-99CD5E17DF58}.Release|x86.Build.0 = Release|Win32
		{FE69FE7D-2D17-42B6-96EC-A5D5C63E3208}.Debug|x64.ActiveCfg = Debug|x64
		{FE69FE7D-2D17-42B6-96EC-A5D5C63E3208}.Debug|x64.Build.0 = Debug|x64
		{FE69FE7D-2D17-42B6-96EC-A5D5C63E3208}.Debug|x86.ActiveCfg = Debug|Win32
		{FE69FE7D-2D17-42B6-96EC-A5D5C63E3208}.Debug|x86.Build.0 = Debug|Win32
		{FE69FE7D-2D17-42B6-96EC-A5D5C63E3208}.Release|x64.ActiveCfg = Release|x64
		{FE69FE7D-2D17-42B6-96EC-A5D5C63E3208}.Release|x64.Build.0 = Release|x64
		{FE69FE7D-2D17-42B6-96EC-A5D5C63E3208}.Release|x86.ActiveCfg = Release|Win32
		{FE69FE7D-2D17-42B6-96EC-A5D5C63E3208}.Release|x86.Build.0 = Release|Win32
		{1722541B-083C-4A5E-99AC-84D2631AC93D}.Debug|x64.ActiveCfg = Debug|x64
		{1722541B-083C-4A5E-99AC-84D2631AC93D}.Debug|x64.Build.0 = Debug|x64
		{1722541B-083C-4A5E-99AC-84D2631AC93D}.Debug|x86.ActiveCfg = Debug|Win32
		{1722541B-083C-4A5E-99AC-84D2631AC93D}.Debug|x86.Build.0 = Debug|Win32
		{1722541B-083C-4A5E-99AC-84D2631AC93D}.Release|x64.ActiveCfg = Release|x64
		{1722541B-083C-4A5E-99AC-84D2631AC93D}.Release|x64.Build.0 = Release|x64
		{1722541B-083C-4A5E-99AC-84D2631AC93D}.Release|x86.ActiveCfg = Release|Win32
		{1722541B-083C-4A5E-99AC-84D2631AC93D}.Release|x86.Build.0 = Release|Win32
	EndGlobalSection
	GlobalSection(SolutionProperties) = preSolution
		HideSolutionNode = FALSE
	EndGlobalSection
	GlobalSection(ExtensibilityGlobals) = postSolution
		SolutionGuid = {0CC1E68A-05C3-494F-9A4E-3D569E8FCAFC}
	EndGlobalSection
EndGlobal
